
Microsoft Visual Studio Solution File, Format Version 12.00
# Visual Studio 15
VisualStudioVersion = 15.0.28307.489
MinimumVisualStudioVersion = 10.0.40219.1
Project("{FAE04EC0-301F-11D3-BF4B-00C04F79EFBC}") = "AppCollection", "AppCollection\AppCollection.csproj", "{6721F88E-2DBB-4E21-B70C-739629643A0A}"
EndProject
Global
	GlobalSection(SolutionConfigurationPlatforms) = preSolution
		Debug|Any CPU = Debug|Any CPU
		Release|Any CPU = Release|Any CPU
	EndGlobalSection
	GlobalSection(ProjectConfigurationPlatforms) = postSolution
		{6721F88E-2DBB-4E21-B70C-739629643A0A}.Debug|Any CPU.ActiveCfg = Debug|Any CPU
		{6721F88E-2DBB-4E21-B70C-739629643A0A}.Debug|Any CPU.Build.0 = Debug|Any CPU
		{6721F88E-2DBB-4E21-B70C-739629643A0A}.Release|Any CPU.ActiveCfg = Release|Any CPU
		{6721F88E-2DBB-4E21-B70C-739629643A0A}.Release|Any CPU.Build.0 = Release|Any CPU
	EndGlobalSection
	GlobalSection(SolutionProperties) = preSolution
		HideSolutionNode = FALSE
	EndGlobalSection
	GlobalSection(ExtensibilityGlobals) = postSolution
		SolutionGuid = {85016DA2-CC27-478B-AB47-7F65C8F04218}
	EndGlobalSection
EndGlobal
